
Microsoft Visual Studio Solution File, Format Version 12.00
# Visual Studio Version 17
VisualStudioVersion = 17.5.33627.172
MinimumVisualStudioVersion = 10.0.40219.1
Project("{9A19103F-16F7-4668-BE54-9A1E7A4F7556}") = "Doctris", "Doctris\Doctris.csproj", "{4E576AFE-45D2-4862-89C3-888A45E935B2}"
EndProject
Project("{9A19103F-16F7-4668-BE54-9A1E7A4F7556}") = "WebApplication1", "WebApplication1\WebApplication1.csproj", "{1CBE887D-4F25-4EB4-BC18-4717E700C966}"
EndProject
Project("{FAE04EC0-301F-11D3-BF4B-00C04F79EFBC}") = "WebApplication2", "WebApplication2\WebApplication2.csproj", "{7D2E15E8-7433-4648-BB15-573061A64A74}"
EndProject
Global
	GlobalSection(SolutionConfigurationPlatforms) = preSolution
		Debug|Any CPU = Debug|Any CPU
		Release|Any CPU = Release|Any CPU
	EndGlobalSection
	GlobalSection(ProjectConfigurationPlatforms) = postSolution
		{4E576AFE-45D2-4862-89C3-888A45E935B2}.Debug|Any CPU.ActiveCfg = Debug|Any CPU
		{4E576AFE-45D2-4862-89C3-888A45E935B2}.Debug|Any CPU.Build.0 = Debug|Any CPU
		{4E576AFE-45D2-4862-89C3-888A45E935B2}.Release|Any CPU.ActiveCfg = Release|Any CPU
		{4E576AFE-45D2-4862-89C3-888A45E935B2}.Release|Any CPU.Build.0 = Release|Any CPU
		{1CBE887D-4F25-4EB4-BC18-4717E700C966}.Debug|Any CPU.ActiveCfg = Debug|Any CPU
		{1CBE887D-4F25-4EB4-BC18-4717E700C966}.Debug|Any CPU.Build.0 = Debug|Any CPU
		{1CBE887D-4F25-4EB4-BC18-4717E700C966}.Release|Any CPU.ActiveCfg = Release|Any CPU
		{1CBE887D-4F25-4EB4-BC18-4717E700C966}.Release|Any CPU.Build.0 = Release|Any CPU
		{7D2E15E8-7433-4648-BB15-573061A64A74}.Debug|Any CPU.ActiveCfg = Debug|Any CPU
		{7D2E15E8-7433-4648-BB15-573061A64A74}.Debug|Any CPU.Build.0 = Debug|Any CPU
		{7D2E15E8-7433-4648-BB15-573061A64A74}.Release|Any CPU.ActiveCfg = Release|Any CPU
		{7D2E15E8-7433-4648-BB15-573061A64A74}.Release|Any CPU.Build.0 = Release|Any CPU
	EndGlobalSection
	GlobalSection(SolutionProperties) = preSolution
		HideSolutionNode = FALSE
	EndGlobalSection
	GlobalSection(ExtensibilityGlobals) = postSolution
		SolutionGuid = {CD40063C-5BEE-4178-B5F5-3D7C7178C52A}
	EndGlobalSection
EndGlobal
